
Microsoft Visual Studio Solution File, Format Version 12.00
# Visual Studio Version 17
VisualStudioVersion = 17.5.002.0
MinimumVisualStudioVersion = 10.0.40219.1
Project("{9A19103F-16F7-4668-BE54-9A1E7A4F7556}") = "TodoListApp", "TodoListApp.csproj", "{D664C226-9EE7-46FE-9B0F-CDCF202494A7}"
EndProject
Global
	GlobalSection(SolutionConfigurationPlatforms) = preSolution
		Debug|Any CPU = Debug|Any CPU
		Release|Any CPU = Release|Any CPU
	EndGlobalSection
	GlobalSection(ProjectConfigurationPlatforms) = postSolution
		{D664C226-9EE7-46FE-9B0F-CDCF202494A7}.Debug|Any CPU.ActiveCfg = Debug|Any CPU
		{D664C226-9EE7-46FE-9B0F-CDCF202494A7}.Debug|Any CPU.Build.0 = Debug|Any CPU
		{D664C226-9EE7-46FE-9B0F-CDCF202494A7}.Release|Any CPU.ActiveCfg = Release|Any CPU
		{D664C226-9EE7-46FE-9B0F-CDCF202494A7}.Release|Any CPU.Build.0 = Release|Any CPU
	EndGlobalSection
	GlobalSection(SolutionProperties) = preSolution
		HideSolutionNode = FALSE
	EndGlobalSection
	GlobalSection(ExtensibilityGlobals) = postSolution
		SolutionGuid = {A329E80D-7BC4-4CCF-96D9-BEB8BC677B8D}
	EndGlobalSection
EndGlobal
